
Microsoft Visual Studio Solution File, Format Version 12.00
# Visual Studio 2013
VisualStudioVersion = 12.0.30501.0
MinimumVisualStudioVersion = 10.0.40219.1
Project("{FAE04EC0-301F-11D3-BF4B-00C04F79EFBC}") = "EntityFramework", "Rgen.EntityFramework\EntityFramework.csproj", "{D8ADADFC-A523-46BE-A479-28CB3CE50157}"
EndProject
Project("{2150E333-8FDC-42A3-9474-1A3956D46DE8}") = "Reegenerator", "Reegenerator", "{FE83ADCC-727B-4786-A060-49A45F9A1366}"
	ProjectSection(SolutionItems) = preProject
		RgenAttachedRenderers.xml = RgenAttachedRenderers.xml
		RgenDependencies.xml = RgenDependencies.xml
	EndProjectSection
EndProject
Global
	GlobalSection(SolutionConfigurationPlatforms) = preSolution
		Debug|Any CPU = Debug|Any CPU
		Release|Any CPU = Release|Any CPU
	EndGlobalSection
	GlobalSection(ProjectConfigurationPlatforms) = postSolution
		{D8ADADFC-A523-46BE-A479-28CB3CE50157}.Debug|Any CPU.ActiveCfg = Debug|Any CPU
		{D8ADADFC-A523-46BE-A479-28CB3CE50157}.Release|Any CPU.ActiveCfg = Release|Any CPU
	EndGlobalSection
	GlobalSection(SolutionProperties) = preSolution
		HideSolutionNode = FALSE
	EndGlobalSection
EndGlobal
